// !$*UTF8*$!
{
	archiveVersion = 1;
	classes = {
	};
	objectVersion = 46;
	objects = {

/* Begin PBXBuildFile section */
		B44B19EE15DFCA560088A5C4 /* tests.c in Sources */ = {isa = PBXBuildFile; fileRef = B44B19EC15DFCA560088A5C4 /* tests.c */; };
		B44B19F615DFD0C30088A5C4 /* libcunit.a in Frameworks */ = {isa = PBXBuildFile; fileRef = B44B19F515DFD0C30088A5C4 /* libcunit.a */; };
		B44B19F815DFD37D0088A5C4 /* bigint.c in Sources */ = {isa = PBXBuildFile; fileRef = B4AAE0E415CD26D9003C9556 /* bigint.c */; };
/* End PBXBuildFile section */

/* Begin PBXCopyFilesBuildPhase section */
		B44B19D415DFC9450088A5C4 /* CopyFiles */ = {
			isa = PBXCopyFilesBuildPhase;
			buildActionMask = 2147483647;
			dstPath = /usr/share/man/man1/;
			dstSubfolderSpec = 0;
			files = (
			);
			runOnlyForDeploymentPostprocessing = 1;
		};
/* End PBXCopyFilesBuildPhase section */

/* Begin PBXFileReference section */
		B44B19D615DFC9450088A5C4 /* tests */ = {isa = PBXFileReference; explicitFileType = "compiled.mach-o.executable"; includeInIndex = 0; path = tests; sourceTree = BUILT_PRODUCTS_DIR; };
		B44B19EB15DFCA560088A5C4 /* listTests.c */ = {isa = PBXFileReference; fileEncoding = 4; lastKnownFileType = sourcecode.c.c; name = listTests.c; path = tests/listTests.c; sourceTree = "<group>"; };
		B44B19EC15DFCA560088A5C4 /* tests.c */ = {isa = PBXFileReference; fileEncoding = 4; lastKnownFileType = sourcecode.c.c; name = tests.c; path = tests/tests.c; sourceTree = "<group>"; };
		B44B19F515DFD0C30088A5C4 /* libcunit.a */ = {isa = PBXFileReference; lastKnownFileType = archive.ar; name = libcunit.a; path = lib/libcunit.a; sourceTree = "<group>"; };
		B4AAE0E315CD26C5003C9556 /* bigint.h */ = {isa = PBXFileReference; lastKnownFileType = sourcecode.c.h; name = bigint.h; path = src/bigint.h; sourceTree = "<group>"; };
		B4AAE0E415CD26D9003C9556 /* bigint.c */ = {isa = PBXFileReference; fileEncoding = 4; lastKnownFileType = sourcecode.c.c; name = bigint.c; path = src/bigint.c; sourceTree = "<group>"; };
/* End PBXFileReference section */

/* Begin PBXFrameworksBuildPhase section */
		B44B19D315DFC9450088A5C4 /* Frameworks */ = {
			isa = PBXFrameworksBuildPhase;
			buildActionMask = 2147483647;
			files = (
				B44B19F615DFD0C30088A5C4 /* libcunit.a in Frameworks */,
			);
			runOnlyForDeploymentPostprocessing = 0;
		};
/* End PBXFrameworksBuildPhase section */

/* Begin PBXGroup section */
		B44B19CA15DFC8280088A5C4 /* tests */ = {
			isa = PBXGroup;
			children = (
				B44B19EB15DFCA560088A5C4 /* listTests.c */,
				B44B19EC15DFCA560088A5C4 /* tests.c */,
			);
			name = tests;
			sourceTree = "<group>";
		};
		B45BD56715CD202100A6C484 = {
			isa = PBXGroup;
			children = (
				B44B19F515DFD0C30088A5C4 /* libcunit.a */,
				B4AAE0E615CD26F0003C9556 /* headers */,
				B4AAE0E715CD26FC003C9556 /* sources */,
				B44B19CA15DFC8280088A5C4 /* tests */,
				B45BD57315CD202100A6C484 /* Products */,
			);
			sourceTree = "<group>";
		};
		B45BD57315CD202100A6C484 /* Products */ = {
			isa = PBXGroup;
			children = (
				B44B19D615DFC9450088A5C4 /* tests */,
			);
			name = Products;
			sourceTree = "<group>";
		};
		B4AAE0E615CD26F0003C9556 /* headers */ = {
			isa = PBXGroup;
			children = (
				B4AAE0E315CD26C5003C9556 /* bigint.h */,
			);
			name = headers;
			sourceTree = "<group>";
		};
		B4AAE0E715CD26FC003C9556 /* sources */ = {
			isa = PBXGroup;
			children = (
				B4AAE0E415CD26D9003C9556 /* bigint.c */,
			);
			name = sources;
			sourceTree = "<group>";
		};
/* End PBXGroup section */

/* Begin PBXNativeTarget section */
		B44B19D515DFC9450088A5C4 /* tests */ = {
			isa = PBXNativeTarget;
			buildConfigurationList = B44B19DD15DFC9450088A5C4 /* Build configuration list for PBXNativeTarget "tests" */;
			buildPhases = (
				B44B19D215DFC9450088A5C4 /* Sources */,
				B44B19D315DFC9450088A5C4 /* Frameworks */,
				B44B19D415DFC9450088A5C4 /* CopyFiles */,
			);
			buildRules = (
			);
			dependencies = (
			);
			name = tests;
			productName = tests;
			productReference = B44B19D615DFC9450088A5C4 /* tests */;
			productType = "com.apple.product-type.tool";
		};
/* End PBXNativeTarget section */

/* Begin PBXProject section */
		B45BD56915CD202100A6C484 /* Project object */ = {
			isa = PBXProject;
			attributes = {
				LastUpgradeCheck = 0440;
				ORGANIZATIONNAME = Hubert;
			};
			buildConfigurationList = B45BD56C15CD202100A6C484 /* Build configuration list for PBXProject "libprem" */;
			compatibilityVersion = "Xcode 3.2";
			developmentRegion = English;
			hasScannedForEncodings = 0;
			knownRegions = (
				en,
			);
			mainGroup = B45BD56715CD202100A6C484;
			productRefGroup = B45BD57315CD202100A6C484 /* Products */;
			projectDirPath = "";
			projectRoot = "";
			targets = (
				B44B19D515DFC9450088A5C4 /* tests */,
			);
		};
/* End PBXProject section */

/* Begin PBXSourcesBuildPhase section */
		B44B19D215DFC9450088A5C4 /* Sources */ = {
			isa = PBXSourcesBuildPhase;
			buildActionMask = 2147483647;
			files = (
				B44B19EE15DFCA560088A5C4 /* tests.c in Sources */,
				B44B19F815DFD37D0088A5C4 /* bigint.c in Sources */,
			);
			runOnlyForDeploymentPostprocessing = 0;
		};
/* End PBXSourcesBuildPhase section */

/* Begin XCBuildConfiguration section */
		B44B19DE15DFC9450088A5C4 /* Debug */ = {
			isa = XCBuildConfiguration;
			buildSettings = {
				HEADER_SEARCH_PATHS = /opt/local/include/;
				LIBRARY_SEARCH_PATHS = "\"$(SRCROOT)/lib\"";
				MACOSX_DEPLOYMENT_TARGET = 10.8;
				PRODUCT_NAME = "$(TARGET_NAME)";
			};
			name = Debug;
		};
		B44B19DF15DFC9450088A5C4 /* Release */ = {
			isa = XCBuildConfiguration;
			buildSettings = {
				HEADER_SEARCH_PATHS = /opt/local/include/;
				LIBRARY_SEARCH_PATHS = "\"$(SRCROOT)/lib\"";
				MACOSX_DEPLOYMENT_TARGET = 10.8;
				PRODUCT_NAME = "$(TARGET_NAME)";
			};
			name = Release;
		};
		B45BD57A15CD202100A6C484 /* Debug */ = {
			isa = XCBuildConfiguration;
			buildSettings = {
				ALWAYS_SEARCH_USER_PATHS = NO;
				ARCHS = "$(ARCHS_STANDARD_64_BIT)";
				CLANG_CXX_LANGUAGE_STANDARD = "gnu++0x";
				CLANG_ENABLE_OBJC_ARC = YES;
				CLANG_WARN__DUPLICATE_METHOD_MATCH = YES;
				COPY_PHASE_STRIP = NO;
				GCC_C_LANGUAGE_STANDARD = gnu99;
				GCC_DYNAMIC_NO_PIC = NO;
				GCC_ENABLE_OBJC_EXCEPTIONS = YES;
				GCC_OPTIMIZATION_LEVEL = 0;
				GCC_PREPROCESSOR_DEFINITIONS = (
					"DEBUG=1",
					"$(inherited)",
				);
				GCC_SYMBOLS_PRIVATE_EXTERN = NO;
				GCC_WARN_64_TO_32_BIT_CONVERSION = YES;
				GCC_WARN_ABOUT_RETURN_TYPE = YES;
				GCC_WARN_UNINITIALIZED_AUTOS = YES;
				GCC_WARN_UNUSED_VARIABLE = YES;
				MACOSX_DEPLOYMENT_TARGET = 10.7;
				ONLY_ACTIVE_ARCH = YES;
				SDKROOT = macosx;
			};
			name = Debug;
		};
		B45BD57B15CD202100A6C484 /* Release */ = {
			isa = XCBuildConfiguration;
			buildSettings = {
				ALWAYS_SEARCH_USER_PATHS = NO;
				ARCHS = "$(ARCHS_STANDARD_64_BIT)";
				CLANG_CXX_LANGUAGE_STANDARD = "gnu++0x";
				CLANG_ENABLE_OBJC_ARC = YES;
				CLANG_WARN__DUPLICATE_METHOD_MATCH = YES;
				COPY_PHASE_STRIP = YES;
				DEBUG_INFORMATION_FORMAT = "dwarf-with-dsym";
				GCC_C_LANGUAGE_STANDARD = gnu99;
				GCC_ENABLE_OBJC_EXCEPTIONS = YES;
				GCC_WARN_64_TO_32_BIT_CONVERSION = YES;
				GCC_WARN_ABOUT_RETURN_TYPE = YES;
				GCC_WARN_UNINITIALIZED_AUTOS = YES;
				GCC_WARN_UNUSED_VARIABLE = YES;
				MACOSX_DEPLOYMENT_TARGET = 10.7;
				SDKROOT = macosx;
			};
			name = Release;
		};
/* End XCBuildConfiguration section */

/* Begin XCConfigurationList section */
		B44B19DD15DFC9450088A5C4 /* Build configuration list for PBXNativeTarget "tests" */ = {
			isa = XCConfigurationList;
			buildConfigurations = (
				B44B19DE15DFC9450088A5C4 /* Debug */,
				B44B19DF15DFC9450088A5C4 /* Release */,
			);
			defaultConfigurationIsVisible = 0;
		};
		B45BD56C15CD202100A6C484 /* Build configuration list for PBXProject "libprem" */ = {
			isa = XCConfigurationList;
			buildConfigurations = (
				B45BD57A15CD202100A6C484 /* Debug */,
				B45BD57B15CD202100A6C484 /* Release */,
			);
			defaultConfigurationIsVisible = 0;
			defaultConfigurationName = Release;
		};
/* End XCConfigurationList section */
	};
	rootObject = B45BD56915CD202100A6C484 /* Project object */;
}
